
Microsoft Visual Studio Solution File, Format Version 12.00
# Visual Studio 15
VisualStudioVersion = 15.0.28307.539
MinimumVisualStudioVersion = 10.0.40219.1
Project("{FAE04EC0-301F-11D3-BF4B-00C04F79EFBC}") = "LocalizationTranslator.Core", "LocalizationTranslator.Core\LocalizationTranslator.Core.csproj", "{92812D2A-08F9-4AF4-90DC-1A7B2ED92EBD}"
EndProject
Project("{FAE04EC0-301F-11D3-BF4B-00C04F79EFBC}") = "LocalizationTranslator.BL", "..\LocalizationTranslator.BL\LocalizationTranslator.BL.csproj", "{F5C35930-6B05-4BF7-AFEB-8ADA008C995F}"
EndProject
Project("{FAE04EC0-301F-11D3-BF4B-00C04F79EFBC}") = "LocalizationTranslator.Test", "LocalizationTranslator.Test\LocalizationTranslator.Test.csproj", "{1ED4800D-1D4C-40C5-9CBA-BE5672A7482F}"
EndProject
Global
	GlobalSection(SolutionConfigurationPlatforms) = preSolution
		Debug|Any CPU = Debug|Any CPU
		Release|Any CPU = Release|Any CPU
	EndGlobalSection
	GlobalSection(ProjectConfigurationPlatforms) = postSolution
		{92812D2A-08F9-4AF4-90DC-1A7B2ED92EBD}.Debug|Any CPU.ActiveCfg = Debug|Any CPU
		{92812D2A-08F9-4AF4-90DC-1A7B2ED92EBD}.Debug|Any CPU.Build.0 = Debug|Any CPU
		{92812D2A-08F9-4AF4-90DC-1A7B2ED92EBD}.Release|Any CPU.ActiveCfg = Release|Any CPU
		{92812D2A-08F9-4AF4-90DC-1A7B2ED92EBD}.Release|Any CPU.Build.0 = Release|Any CPU
		{F5C35930-6B05-4BF7-AFEB-8ADA008C995F}.Debug|Any CPU.ActiveCfg = Debug|Any CPU
		{F5C35930-6B05-4BF7-AFEB-8ADA008C995F}.Debug|Any CPU.Build.0 = Debug|Any CPU
		{F5C35930-6B05-4BF7-AFEB-8ADA008C995F}.Release|Any CPU.ActiveCfg = Release|Any CPU
		{F5C35930-6B05-4BF7-AFEB-8ADA008C995F}.Release|Any CPU.Build.0 = Release|Any CPU
		{1ED4800D-1D4C-40C5-9CBA-BE5672A7482F}.Debug|Any CPU.ActiveCfg = Debug|Any CPU
		{1ED4800D-1D4C-40C5-9CBA-BE5672A7482F}.Debug|Any CPU.Build.0 = Debug|Any CPU
		{1ED4800D-1D4C-40C5-9CBA-BE5672A7482F}.Release|Any CPU.ActiveCfg = Release|Any CPU
		{1ED4800D-1D4C-40C5-9CBA-BE5672A7482F}.Release|Any CPU.Build.0 = Release|Any CPU
	EndGlobalSection
	GlobalSection(SolutionProperties) = preSolution
		HideSolutionNode = FALSE
	EndGlobalSection
	GlobalSection(ExtensibilityGlobals) = postSolution
		SolutionGuid = {B74B3CF7-4CA1-44E8-8411-A829A67D3998}
	EndGlobalSection
EndGlobal
